
Microsoft Visual Studio Solution File, Format Version 12.00
# Visual Studio 15
VisualStudioVersion = 15.0.28307.106
MinimumVisualStudioVersion = 10.0.40219.1
Project("{FAE04EC0-301F-11D3-BF4B-00C04F79EFBC}") = "EmployeeWebserviceRest", "EmployeeWebserviceRest\EmployeeWebserviceRest.csproj", "{E81CB552-D307-4F0F-8682-1EEE55C5CB46}"
EndProject
Project("{FAE04EC0-301F-11D3-BF4B-00C04F79EFBC}") = "App2", "App2\App2.csproj", "{76C94A32-C201-4D2B-A368-E8D3E4911F07}"
	ProjectSection(ProjectDependencies) = postProject
		{E81CB552-D307-4F0F-8682-1EEE55C5CB46} = {E81CB552-D307-4F0F-8682-1EEE55C5CB46}
	EndProjectSection
EndProject
Global
	GlobalSection(SolutionConfigurationPlatforms) = preSolution
		Debug|Any CPU = Debug|Any CPU
		Debug|ARM = Debug|ARM
		Debug|ARM64 = Debug|ARM64
		Debug|x64 = Debug|x64
		Debug|x86 = Debug|x86
		Release|Any CPU = Release|Any CPU
		Release|ARM = Release|ARM
		Release|ARM64 = Release|ARM64
		Release|x64 = Release|x64
		Release|x86 = Release|x86
	EndGlobalSection
	GlobalSection(ProjectConfigurationPlatforms) = postSolution
		{E81CB552-D307-4F0F-8682-1EEE55C5CB46}.Debug|Any CPU.ActiveCfg = Debug|Any CPU
		{E81CB552-D307-4F0F-8682-1EEE55C5CB46}.Debug|Any CPU.Build.0 = Debug|Any CPU
		{E81CB552-D307-4F0F-8682-1EEE55C5CB46}.Debug|ARM.ActiveCfg = Debug|Any CPU
		{E81CB552-D307-4F0F-8682-1EEE55C5CB46}.Debug|ARM.Build.0 = Debug|Any CPU
		{E81CB552-D307-4F0F-8682-1EEE55C5CB46}.Debug|ARM64.ActiveCfg = Debug|Any CPU
		{E81CB552-D307-4F0F-8682-1EEE55C5CB46}.Debug|ARM64.Build.0 = Debug|Any CPU
		{E81CB552-D307-4F0F-8682-1EEE55C5CB46}.Debug|x64.ActiveCfg = Debug|Any CPU
		{E81CB552-D307-4F0F-8682-1EEE55C5CB46}.Debug|x64.Build.0 = Debug|Any CPU
		{E81CB552-D307-4F0F-8682-1EEE55C5CB46}.Debug|x86.ActiveCfg = Debug|Any CPU
		{E81CB552-D307-4F0F-8682-1EEE55C5CB46}.Debug|x86.Build.0 = Debug|Any CPU
		{E81CB552-D307-4F0F-8682-1EEE55C5CB46}.Release|Any CPU.ActiveCfg = Release|Any CPU
		{E81CB552-D307-4F0F-8682-1EEE55C5CB46}.Release|Any CPU.Build.0 = Release|Any CPU
		{E81CB552-D307-4F0F-8682-1EEE55C5CB46}.Release|ARM.ActiveCfg = Release|Any CPU
		{E81CB552-D307-4F0F-8682-1EEE55C5CB46}.Release|ARM.Build.0 = Release|Any CPU
		{E81CB552-D307-4F0F-8682-1EEE55C5CB46}.Release|ARM64.ActiveCfg = Release|Any CPU
		{E81CB552-D307-4F0F-8682-1EEE55C5CB46}.Release|ARM64.Build.0 = Release|Any CPU
		{E81CB552-D307-4F0F-8682-1EEE55C5CB46}.Release|x64.ActiveCfg = Release|Any CPU
		{E81CB552-D307-4F0F-8682-1EEE55C5CB46}.Release|x64.Build.0 = Release|Any CPU
		{E81CB552-D307-4F0F-8682-1EEE55C5CB46}.Release|x86.ActiveCfg = Release|Any CPU
		{E81CB552-D307-4F0F-8682-1EEE55C5CB46}.Release|x86.Build.0 = Release|Any CPU
		{76C94A32-C201-4D2B-A368-E8D3E4911F07}.Debug|Any CPU.ActiveCfg = Debug|x86
		{76C94A32-C201-4D2B-A368-E8D3E4911F07}.Debug|ARM.ActiveCfg = Debug|ARM
		{76C94A32-C201-4D2B-A368-E8D3E4911F07}.Debug|ARM.Build.0 = Debug|ARM
		{76C94A32-C201-4D2B-A368-E8D3E4911F07}.Debug|ARM.Deploy.0 = Debug|ARM
		{76C94A32-C201-4D2B-A368-E8D3E4911F07}.Debug|ARM64.ActiveCfg = Debug|ARM64
		{76C94A32-C201-4D2B-A368-E8D3E4911F07}.Debug|ARM64.Build.0 = Debug|ARM64
		{76C94A32-C201-4D2B-A368-E8D3E4911F07}.Debug|ARM64.Deploy.0 = Debug|ARM64
		{76C94A32-C201-4D2B-A368-E8D3E4911F07}.Debug|x64.ActiveCfg = Debug|x64
		{76C94A32-C201-4D2B-A368-E8D3E4911F07}.Debug|x64.Build.0 = Debug|x64
		{76C94A32-C201-4D2B-A368-E8D3E4911F07}.Debug|x64.Deploy.0 = Debug|x64
		{76C94A32-C201-4D2B-A368-E8D3E4911F07}.Debug|x86.ActiveCfg = Debug|x86
		{76C94A32-C201-4D2B-A368-E8D3E4911F07}.Debug|x86.Build.0 = Debug|x86
		{76C94A32-C201-4D2B-A368-E8D3E4911F07}.Debug|x86.Deploy.0 = Debug|x86
		{76C94A32-C201-4D2B-A368-E8D3E4911F07}.Release|Any CPU.ActiveCfg = Release|x86
		{76C94A32-C201-4D2B-A368-E8D3E4911F07}.Release|ARM.ActiveCfg = Release|ARM
		{76C94A32-C201-4D2B-A368-E8D3E4911F07}.Release|ARM.Build.0 = Release|ARM
		{76C94A32-C201-4D2B-A368-E8D3E4911F07}.Release|ARM.Deploy.0 = Release|ARM
		{76C94A32-C201-4D2B-A368-E8D3E4911F07}.Release|ARM64.ActiveCfg = Release|ARM64
		{76C94A32-C201-4D2B-A368-E8D3E4911F07}.Release|ARM64.Build.0 = Release|ARM64
		{76C94A32-C201-4D2B-A368-E8D3E4911F07}.Release|ARM64.Deploy.0 = Release|ARM64
		{76C94A32-C201-4D2B-A368-E8D3E4911F07}.Release|x64.ActiveCfg = Release|x64
		{76C94A32-C201-4D2B-A368-E8D3E4911F07}.Release|x64.Build.0 = Release|x64
		{76C94A32-C201-4D2B-A368-E8D3E4911F07}.Release|x64.Deploy.0 = Release|x64
		{76C94A32-C201-4D2B-A368-E8D3E4911F07}.Release|x86.ActiveCfg = Release|x86
		{76C94A32-C201-4D2B-A368-E8D3E4911F07}.Release|x86.Build.0 = Release|x86
		{76C94A32-C201-4D2B-A368-E8D3E4911F07}.Release|x86.Deploy.0 = Release|x86
	EndGlobalSection
	GlobalSection(SolutionProperties) = preSolution
		HideSolutionNode = FALSE
	EndGlobalSection
	GlobalSection(ExtensibilityGlobals) = postSolution
		SolutionGuid = {874452FF-2E4C-4A51-8C50-19E7B6E27F47}
	EndGlobalSection
EndGlobal
